
Microsoft Visual Studio Solution File, Format Version 12.00
# Visual Studio Version 16
VisualStudioVersion = 16.0.30717.126
MinimumVisualStudioVersion = 10.0.40219.1
Project("{FAE04EC0-301F-11D3-BF4B-00C04F79EFBC}") = "MailChimpSyncerExampleApp", "MailChimpSyncerExampleApp.csproj", "{39BFD589-43E5-46E0-8B80-3EFAA1F59727}"
EndProject
Project("{FAE04EC0-301F-11D3-BF4B-00C04F79EFBC}") = "MailChimpSyncerSharp", "..\MailChimpSyncerSharp\MailChimpSyncerSharp.csproj", "{A0A4D122-3173-49A3-BDE5-88816E50C4CA}"
EndProject
Global
	GlobalSection(SolutionConfigurationPlatforms) = preSolution
		Debug|Any CPU = Debug|Any CPU
		Release|Any CPU = Release|Any CPU
	EndGlobalSection
	GlobalSection(ProjectConfigurationPlatforms) = postSolution
		{39BFD589-43E5-46E0-8B80-3EFAA1F59727}.Debug|Any CPU.ActiveCfg = Debug|Any CPU
		{39BFD589-43E5-46E0-8B80-3EFAA1F59727}.Debug|Any CPU.Build.0 = Debug|Any CPU
		{39BFD589-43E5-46E0-8B80-3EFAA1F59727}.Release|Any CPU.ActiveCfg = Release|Any CPU
		{39BFD589-43E5-46E0-8B80-3EFAA1F59727}.Release|Any CPU.Build.0 = Release|Any CPU
		{A0A4D122-3173-49A3-BDE5-88816E50C4CA}.Debug|Any CPU.ActiveCfg = Debug|Any CPU
		{A0A4D122-3173-49A3-BDE5-88816E50C4CA}.Debug|Any CPU.Build.0 = Debug|Any CPU
		{A0A4D122-3173-49A3-BDE5-88816E50C4CA}.Release|Any CPU.ActiveCfg = Release|Any CPU
		{A0A4D122-3173-49A3-BDE5-88816E50C4CA}.Release|Any CPU.Build.0 = Release|Any CPU
	EndGlobalSection
	GlobalSection(SolutionProperties) = preSolution
		HideSolutionNode = FALSE
	EndGlobalSection
	GlobalSection(ExtensibilityGlobals) = postSolution
		SolutionGuid = {78596FEB-169F-4367-9FE7-54390E292FC0}
	EndGlobalSection
EndGlobal
